// !$*UTF8*$!
{
	archiveVersion = 1;
	classes = {
	};
	objectVersion = 56;
	objects = {

/* Begin PBXBuildFile section */
		6A0F6C32292E91CD00CE18D3 /* DetailViewController.swift in Sources */ = {isa = PBXBuildFile; fileRef = 6A0F6C31292E91CD00CE18D3 /* DetailViewController.swift */; };
		6AC6767329322334000F5CA3 /* DataStore.swift in Sources */ = {isa = PBXBuildFile; fileRef = 6AC6767229322334000F5CA3 /* DataStore.swift */; };
		6AC67675293226A0000F5CA3 /* VideoCollectionViewController.swift in Sources */ = {isa = PBXBuildFile; fileRef = 6AC67674293226A0000F5CA3 /* VideoCollectionViewController.swift */; };
		6AC6767729327279000F5CA3 /* VideoCell.swift in Sources */ = {isa = PBXBuildFile; fileRef = 6AC6767629327279000F5CA3 /* VideoCell.swift */; };
		6AC6767929328888000F5CA3 /* Video.swift in Sources */ = {isa = PBXBuildFile; fileRef = 6AC6767829328888000F5CA3 /* Video.swift */; };
		EFED0DF4292C760E00A85203 /* AppDelegate.swift in Sources */ = {isa = PBXBuildFile; fileRef = EFED0DF3292C760E00A85203 /* AppDelegate.swift */; };
		EFED0DF6292C760E00A85203 /* SceneDelegate.swift in Sources */ = {isa = PBXBuildFile; fileRef = EFED0DF5292C760E00A85203 /* SceneDelegate.swift */; };
		EFED0DFB292C760E00A85203 /* Main.storyboard in Resources */ = {isa = PBXBuildFile; fileRef = EFED0DF9292C760E00A85203 /* Main.storyboard */; };
		EFED0DFD292C761000A85203 /* Assets.xcassets in Resources */ = {isa = PBXBuildFile; fileRef = EFED0DFC292C761000A85203 /* Assets.xcassets */; };
		EFED0E00292C761000A85203 /* LaunchScreen.storyboard in Resources */ = {isa = PBXBuildFile; fileRef = EFED0DFE292C761000A85203 /* LaunchScreen.storyboard */; };
		EFED0E08292C78CB00A85203 /* PicOfTheDayCollectionViewController.swift in Sources */ = {isa = PBXBuildFile; fileRef = EFED0E07292C78CB00A85203 /* PicOfTheDayCollectionViewController.swift */; };
		EFED0E0A292C874B00A85203 /* PictureCell.swift in Sources */ = {isa = PBXBuildFile; fileRef = EFED0E09292C874B00A85203 /* PictureCell.swift */; };
		EFED0E0C292C93ED00A85203 /* NetworkManager.swift in Sources */ = {isa = PBXBuildFile; fileRef = EFED0E0B292C93ED00A85203 /* NetworkManager.swift */; };
		EFED0E0E292C93FB00A85203 /* Picture.swift in Sources */ = {isa = PBXBuildFile; fileRef = EFED0E0D292C93FB00A85203 /* Picture.swift */; };
		EFED0E11292CA71B00A85203 /* Kingfisher in Frameworks */ = {isa = PBXBuildFile; productRef = EFED0E10292CA71B00A85203 /* Kingfisher */; };
/* End PBXBuildFile section */

/* Begin PBXFileReference section */
		6A0F6C31292E91CD00CE18D3 /* DetailViewController.swift */ = {isa = PBXFileReference; lastKnownFileType = sourcecode.swift; path = DetailViewController.swift; sourceTree = "<group>"; };
		6AC6767229322334000F5CA3 /* DataStore.swift */ = {isa = PBXFileReference; lastKnownFileType = sourcecode.swift; path = DataStore.swift; sourceTree = "<group>"; };
		6AC67674293226A0000F5CA3 /* VideoCollectionViewController.swift */ = {isa = PBXFileReference; lastKnownFileType = sourcecode.swift; path = VideoCollectionViewController.swift; sourceTree = "<group>"; };
		6AC6767629327279000F5CA3 /* VideoCell.swift */ = {isa = PBXFileReference; lastKnownFileType = sourcecode.swift; path = VideoCell.swift; sourceTree = "<group>"; };
		6AC6767829328888000F5CA3 /* Video.swift */ = {isa = PBXFileReference; lastKnownFileType = sourcecode.swift; path = Video.swift; sourceTree = "<group>"; };
		EFED0DF0292C760E00A85203 /* NASA.app */ = {isa = PBXFileReference; explicitFileType = wrapper.application; includeInIndex = 0; path = NASA.app; sourceTree = BUILT_PRODUCTS_DIR; };
		EFED0DF3292C760E00A85203 /* AppDelegate.swift */ = {isa = PBXFileReference; lastKnownFileType = sourcecode.swift; path = AppDelegate.swift; sourceTree = "<group>"; };
		EFED0DF5292C760E00A85203 /* SceneDelegate.swift */ = {isa = PBXFileReference; lastKnownFileType = sourcecode.swift; path = SceneDelegate.swift; sourceTree = "<group>"; };
		EFED0DFA292C760E00A85203 /* Base */ = {isa = PBXFileReference; lastKnownFileType = file.storyboard; name = Base; path = Base.lproj/Main.storyboard; sourceTree = "<group>"; };
		EFED0DFC292C761000A85203 /* Assets.xcassets */ = {isa = PBXFileReference; lastKnownFileType = folder.assetcatalog; path = Assets.xcassets; sourceTree = "<group>"; };
		EFED0DFF292C761000A85203 /* Base */ = {isa = PBXFileReference; lastKnownFileType = file.storyboard; name = Base; path = Base.lproj/LaunchScreen.storyboard; sourceTree = "<group>"; };
		EFED0E01292C761000A85203 /* Info.plist */ = {isa = PBXFileReference; lastKnownFileType = text.plist.xml; path = Info.plist; sourceTree = "<group>"; };
		EFED0E07292C78CB00A85203 /* PicOfTheDayCollectionViewController.swift */ = {isa = PBXFileReference; lastKnownFileType = sourcecode.swift; path = PicOfTheDayCollectionViewController.swift; sourceTree = "<group>"; };
		EFED0E09292C874B00A85203 /* PictureCell.swift */ = {isa = PBXFileReference; lastKnownFileType = sourcecode.swift; path = PictureCell.swift; sourceTree = "<group>"; };
		EFED0E0B292C93ED00A85203 /* NetworkManager.swift */ = {isa = PBXFileReference; lastKnownFileType = sourcecode.swift; path = NetworkManager.swift; sourceTree = "<group>"; };
		EFED0E0D292C93FB00A85203 /* Picture.swift */ = {isa = PBXFileReference; lastKnownFileType = sourcecode.swift; path = Picture.swift; sourceTree = "<group>"; };
/* End PBXFileReference section */

/* Begin PBXFrameworksBuildPhase section */
		EFED0DED292C760E00A85203 /* Frameworks */ = {
			isa = PBXFrameworksBuildPhase;
			buildActionMask = 2147483647;
			files = (
				EFED0E11292CA71B00A85203 /* Kingfisher in Frameworks */,
			);
			runOnlyForDeploymentPostprocessing = 0;
		};
/* End PBXFrameworksBuildPhase section */

/* Begin PBXGroup section */
		6AC6767A29328AFD000F5CA3 /* Services */ = {
			isa = PBXGroup;
			children = (
				EFED0E0B292C93ED00A85203 /* NetworkManager.swift */,
				6AC6767229322334000F5CA3 /* DataStore.swift */,
			);
			path = Services;
			sourceTree = "<group>";
		};
		6AC6767B29328B0B000F5CA3 /* Models */ = {
			isa = PBXGroup;
			children = (
				EFED0E0D292C93FB00A85203 /* Picture.swift */,
				6AC6767829328888000F5CA3 /* Video.swift */,
			);
			path = Models;
			sourceTree = "<group>";
		};
		6AC6767C29328B1B000F5CA3 /* Views */ = {
			isa = PBXGroup;
			children = (
				EFED0E09292C874B00A85203 /* PictureCell.swift */,
				6AC6767629327279000F5CA3 /* VideoCell.swift */,
			);
			path = Views;
			sourceTree = "<group>";
		};
		6AC6767D29328B28000F5CA3 /* ViewControllers */ = {
			isa = PBXGroup;
			children = (
				6A0F6C31292E91CD00CE18D3 /* DetailViewController.swift */,
				EFED0E07292C78CB00A85203 /* PicOfTheDayCollectionViewController.swift */,
				6AC67674293226A0000F5CA3 /* VideoCollectionViewController.swift */,
			);
			path = ViewControllers;
			sourceTree = "<group>";
		};
		6AC6767E29328B36000F5CA3 /* App */ = {
			isa = PBXGroup;
			children = (
				EFED0DF3292C760E00A85203 /* AppDelegate.swift */,
				EFED0DF5292C760E00A85203 /* SceneDelegate.swift */,
				EFED0E01292C761000A85203 /* Info.plist */,
			);
			path = App;
			sourceTree = "<group>";
		};
		6AC6767F29328B42000F5CA3 /* Storyboards */ = {
			isa = PBXGroup;
			children = (
				EFED0DF9292C760E00A85203 /* Main.storyboard */,
				EFED0DFE292C761000A85203 /* LaunchScreen.storyboard */,
			);
			path = Storyboards;
			sourceTree = "<group>";
		};
		EFED0DE7292C760E00A85203 = {
			isa = PBXGroup;
			children = (
				EFED0DF2292C760E00A85203 /* NASA */,
				EFED0DF1292C760E00A85203 /* Products */,
			);
			sourceTree = "<group>";
		};
		EFED0DF1292C760E00A85203 /* Products */ = {
			isa = PBXGroup;
			children = (
				EFED0DF0292C760E00A85203 /* NASA.app */,
			);
			name = Products;
			sourceTree = "<group>";
		};
		EFED0DF2292C760E00A85203 /* NASA */ = {
			isa = PBXGroup;
			children = (
				6AC6767E29328B36000F5CA3 /* App */,
				6AC6767F29328B42000F5CA3 /* Storyboards */,
				6AC6767D29328B28000F5CA3 /* ViewControllers */,
				6AC6767C29328B1B000F5CA3 /* Views */,
				6AC6767A29328AFD000F5CA3 /* Services */,
				6AC6767B29328B0B000F5CA3 /* Models */,
				EFED0DFC292C761000A85203 /* Assets.xcassets */,
			);
			path = NASA;
			sourceTree = "<group>";
		};
/* End PBXGroup section */

/* Begin PBXNativeTarget section */
		EFED0DEF292C760E00A85203 /* NASA */ = {
			isa = PBXNativeTarget;
			buildConfigurationList = EFED0E04292C761000A85203 /* Build configuration list for PBXNativeTarget "NASA" */;
			buildPhases = (
				EFED0DEC292C760E00A85203 /* Sources */,
				EFED0DED292C760E00A85203 /* Frameworks */,
				EFED0DEE292C760E00A85203 /* Resources */,
			);
			buildRules = (
			);
			dependencies = (
			);
			name = NASA;
			packageProductDependencies = (
				EFED0E10292CA71B00A85203 /* Kingfisher */,
			);
			productName = NASA;
			productReference = EFED0DF0292C760E00A85203 /* NASA.app */;
			productType = "com.apple.product-type.application";
		};
/* End PBXNativeTarget section */

/* Begin PBXProject section */
		EFED0DE8292C760E00A85203 /* Project object */ = {
			isa = PBXProject;
			attributes = {
				BuildIndependentTargetsInParallel = 1;
				LastSwiftUpdateCheck = 1400;
				LastUpgradeCheck = 1400;
				TargetAttributes = {
					EFED0DEF292C760E00A85203 = {
						CreatedOnToolsVersion = 14.0;
					};
				};
			};
			buildConfigurationList = EFED0DEB292C760E00A85203 /* Build configuration list for PBXProject "NASA" */;
			compatibilityVersion = "Xcode 14.0";
			developmentRegion = en;
			hasScannedForEncodings = 0;
			knownRegions = (
				en,
				Base,
			);
			mainGroup = EFED0DE7292C760E00A85203;
			packageReferences = (
				EFED0E0F292CA71B00A85203 /* XCRemoteSwiftPackageReference "Kingfisher" */,
			);
			productRefGroup = EFED0DF1292C760E00A85203 /* Products */;
			projectDirPath = "";
			projectRoot = "";
			targets = (
				EFED0DEF292C760E00A85203 /* NASA */,
			);
		};
/* End PBXProject section */

/* Begin PBXResourcesBuildPhase section */
		EFED0DEE292C760E00A85203 /* Resources */ = {
			isa = PBXResourcesBuildPhase;
			buildActionMask = 2147483647;
			files = (
				EFED0E00292C761000A85203 /* LaunchScreen.storyboard in Resources */,
				EFED0DFD292C761000A85203 /* Assets.xcassets in Resources */,
				EFED0DFB292C760E00A85203 /* Main.storyboard in Resources */,
			);
			runOnlyForDeploymentPostprocessing = 0;
		};
/* End PBXResourcesBuildPhase section */

/* Begin PBXSourcesBuildPhase section */
		EFED0DEC292C760E00A85203 /* Sources */ = {
			isa = PBXSourcesBuildPhase;
			buildActionMask = 2147483647;
			files = (
				EFED0E08292C78CB00A85203 /* PicOfTheDayCollectionViewController.swift in Sources */,
				6AC6767329322334000F5CA3 /* DataStore.swift in Sources */,
				EFED0E0A292C874B00A85203 /* PictureCell.swift in Sources */,
				EFED0E0C292C93ED00A85203 /* NetworkManager.swift in Sources */,
				EFED0E0E292C93FB00A85203 /* Picture.swift in Sources */,
				6AC6767729327279000F5CA3 /* VideoCell.swift in Sources */,
				EFED0DF4292C760E00A85203 /* AppDelegate.swift in Sources */,
				6AC6767929328888000F5CA3 /* Video.swift in Sources */,
				6AC67675293226A0000F5CA3 /* VideoCollectionViewController.swift in Sources */,
				EFED0DF6292C760E00A85203 /* SceneDelegate.swift in Sources */,
				6A0F6C32292E91CD00CE18D3 /* DetailViewController.swift in Sources */,
			);
			runOnlyForDeploymentPostprocessing = 0;
		};
/* End PBXSourcesBuildPhase section */

/* Begin PBXVariantGroup section */
		EFED0DF9292C760E00A85203 /* Main.storyboard */ = {
			isa = PBXVariantGroup;
			children = (
				EFED0DFA292C760E00A85203 /* Base */,
			);
			name = Main.storyboard;
			sourceTree = "<group>";
		};
		EFED0DFE292C761000A85203 /* LaunchScreen.storyboard */ = {
			isa = PBXVariantGroup;
			children = (
				EFED0DFF292C761000A85203 /* Base */,
			);
			name = LaunchScreen.storyboard;
			sourceTree = "<group>";
		};
/* End PBXVariantGroup section */

/* Begin XCBuildConfiguration section */
		EFED0E02292C761000A85203 /* Debug */ = {
			isa = XCBuildConfiguration;
			buildSettings = {
				ALWAYS_SEARCH_USER_PATHS = NO;
				CLANG_ANALYZER_NONNULL = YES;
				CLANG_ANALYZER_NUMBER_OBJECT_CONVERSION = YES_AGGRESSIVE;
				CLANG_CXX_LANGUAGE_STANDARD = "gnu++20";
				CLANG_ENABLE_MODULES = YES;
				CLANG_ENABLE_OBJC_ARC = YES;
				CLANG_ENABLE_OBJC_WEAK = YES;
				CLANG_WARN_BLOCK_CAPTURE_AUTORELEASING = YES;
				CLANG_WARN_BOOL_CONVERSION = YES;
				CLANG_WARN_COMMA = YES;
				CLANG_WARN_CONSTANT_CONVERSION = YES;
				CLANG_WARN_DEPRECATED_OBJC_IMPLEMENTATIONS = YES;
				CLANG_WARN_DIRECT_OBJC_ISA_USAGE = YES_ERROR;
				CLANG_WARN_DOCUMENTATION_COMMENTS = YES;
				CLANG_WARN_EMPTY_BODY = YES;
				CLANG_WARN_ENUM_CONVERSION = YES;
				CLANG_WARN_INFINITE_RECURSION = YES;
				CLANG_WARN_INT_CONVERSION = YES;
				CLANG_WARN_NON_LITERAL_NULL_CONVERSION = YES;
				CLANG_WARN_OBJC_IMPLICIT_RETAIN_SELF = YES;
				CLANG_WARN_OBJC_LITERAL_CONVERSION = YES;
				CLANG_WARN_OBJC_ROOT_CLASS = YES_ERROR;
				CLANG_WARN_QUOTED_INCLUDE_IN_FRAMEWORK_HEADER = YES;
				CLANG_WARN_RANGE_LOOP_ANALYSIS = YES;
				CLANG_WARN_STRICT_PROTOTYPES = YES;
				CLANG_WARN_SUSPICIOUS_MOVE = YES;
				CLANG_WARN_UNGUARDED_AVAILABILITY = YES_AGGRESSIVE;
				CLANG_WARN_UNREACHABLE_CODE = YES;
				CLANG_WARN__DUPLICATE_METHOD_MATCH = YES;
				COPY_PHASE_STRIP = NO;
				DEBUG_INFORMATION_FORMAT = dwarf;
				ENABLE_STRICT_OBJC_MSGSEND = YES;
				ENABLE_TESTABILITY = YES;
				GCC_C_LANGUAGE_STANDARD = gnu11;
				GCC_DYNAMIC_NO_PIC = NO;
				GCC_NO_COMMON_BLOCKS = YES;
				GCC_OPTIMIZATION_LEVEL = 0;
				GCC_PREPROCESSOR_DEFINITIONS = (
					"DEBUG=1",
					"$(inherited)",
				);
				GCC_WARN_64_TO_32_BIT_CONVERSION = YES;
				GCC_WARN_ABOUT_RETURN_TYPE = YES_ERROR;
				GCC_WARN_UNDECLARED_SELECTOR = YES;
				GCC_WARN_UNINITIALIZED_AUTOS = YES_AGGRESSIVE;
				GCC_WARN_UNUSED_FUNCTION = YES;
				GCC_WARN_UNUSED_VARIABLE = YES;
				IPHONEOS_DEPLOYMENT_TARGET = 16.0;
				MTL_ENABLE_DEBUG_INFO = INCLUDE_SOURCE;
				MTL_FAST_MATH = YES;
				ONLY_ACTIVE_ARCH = YES;
				SDKROOT = iphoneos;
				SWIFT_ACTIVE_COMPILATION_CONDITIONS = DEBUG;
				SWIFT_OPTIMIZATION_LEVEL = "-Onone";
			};
			name = Debug;
		};
		EFED0E03292C761000A85203 /* Release */ = {
			isa = XCBuildConfiguration;
			buildSettings = {
				ALWAYS_SEARCH_USER_PATHS = NO;
				CLANG_ANALYZER_NONNULL = YES;
				CLANG_ANALYZER_NUMBER_OBJECT_CONVERSION = YES_AGGRESSIVE;
				CLANG_CXX_LANGUAGE_STANDARD = "gnu++20";
				CLANG_ENABLE_MODULES = YES;
				CLANG_ENABLE_OBJC_ARC = YES;
				CLANG_ENABLE_OBJC_WEAK = YES;
				CLANG_WARN_BLOCK_CAPTURE_AUTORELEASING = YES;
				CLANG_WARN_BOOL_CONVERSION = YES;
				CLANG_WARN_COMMA = YES;
				CLANG_WARN_CONSTANT_CONVERSION = YES;
				CLANG_WARN_DEPRECATED_OBJC_IMPLEMENTATIONS = YES;
				CLANG_WARN_DIRECT_OBJC_ISA_USAGE = YES_ERROR;
				CLANG_WARN_DOCUMENTATION_COMMENTS = YES;
				CLANG_WARN_EMPTY_BODY = YES;
				CLANG_WARN_ENUM_CONVERSION = YES;
				CLANG_WARN_INFINITE_RECURSION = YES;
				CLANG_WARN_INT_CONVERSION = YES;
				CLANG_WARN_NON_LITERAL_NULL_CONVERSION = YES;
				CLANG_WARN_OBJC_IMPLICIT_RETAIN_SELF = YES;
				CLANG_WARN_OBJC_LITERAL_CONVERSION = YES;
				CLANG_WARN_OBJC_ROOT_CLASS = YES_ERROR;
				CLANG_WARN_QUOTED_INCLUDE_IN_FRAMEWORK_HEADER = YES;
				CLANG_WARN_RANGE_LOOP_ANALYSIS = YES;
				CLANG_WARN_STRICT_PROTOTYPES = YES;
				CLANG_WARN_SUSPICIOUS_MOVE = YES;
				CLANG_WARN_UNGUARDED_AVAILABILITY = YES_AGGRESSIVE;
				CLANG_WARN_UNREACHABLE_CODE = YES;
				CLANG_WARN__DUPLICATE_METHOD_MATCH = YES;
				COPY_PHASE_STRIP = NO;
				DEBUG_INFORMATION_FORMAT = "dwarf-with-dsym";
				ENABLE_NS_ASSERTIONS = NO;
				ENABLE_STRICT_OBJC_MSGSEND = YES;
				GCC_C_LANGUAGE_STANDARD = gnu11;
				GCC_NO_COMMON_BLOCKS = YES;
				GCC_WARN_64_TO_32_BIT_CONVERSION = YES;
				GCC_WARN_ABOUT_RETURN_TYPE = YES_ERROR;
				GCC_WARN_UNDECLARED_SELECTOR = YES;
				GCC_WARN_UNINITIALIZED_AUTOS = YES_AGGRESSIVE;
				GCC_WARN_UNUSED_FUNCTION = YES;
				GCC_WARN_UNUSED_VARIABLE = YES;
				IPHONEOS_DEPLOYMENT_TARGET = 16.0;
				MTL_ENABLE_DEBUG_INFO = NO;
				MTL_FAST_MATH = YES;
				SDKROOT = iphoneos;
				SWIFT_COMPILATION_MODE = wholemodule;
				SWIFT_OPTIMIZATION_LEVEL = "-O";
				VALIDATE_PRODUCT = YES;
			};
			name = Release;
		};
		EFED0E05292C761000A85203 /* Debug */ = {
			isa = XCBuildConfiguration;
			buildSettings = {
				ASSETCATALOG_COMPILER_APPICON_NAME = AppIcon;
				ASSETCATALOG_COMPILER_GLOBAL_ACCENT_COLOR_NAME = AccentColor;
				CODE_SIGN_STYLE = Automatic;
				CURRENT_PROJECT_VERSION = 1;
				DEVELOPMENT_TEAM = 789AT898J7;
				GENERATE_INFOPLIST_FILE = YES;
				INFOPLIST_FILE = NASA/App/Info.plist;
				INFOPLIST_KEY_UIApplicationSupportsIndirectInputEvents = YES;
				INFOPLIST_KEY_UILaunchStoryboardName = LaunchScreen;
				INFOPLIST_KEY_UIMainStoryboardFile = Main;
				INFOPLIST_KEY_UISupportedInterfaceOrientations = UIInterfaceOrientationPortrait;
				INFOPLIST_KEY_UISupportedInterfaceOrientations_iPad = "UIInterfaceOrientationLandscapeLeft UIInterfaceOrientationLandscapeRight UIInterfaceOrientationPortrait UIInterfaceOrientationPortraitUpsideDown";
				LD_RUNPATH_SEARCH_PATHS = (
					"$(inherited)",
					"@executable_path/Frameworks",
				);
				MARKETING_VERSION = 1.0;
				PRODUCT_BUNDLE_IDENTIFIER = ru.iosdevelopment.NASA;
				PRODUCT_NAME = "$(TARGET_NAME)";
				SUPPORTED_PLATFORMS = "iphoneos iphonesimulator";
				SUPPORTS_MACCATALYST = NO;
				SUPPORTS_MAC_DESIGNED_FOR_IPHONE_IPAD = NO;
				SWIFT_EMIT_LOC_STRINGS = YES;
				SWIFT_VERSION = 5.0;
				TARGETED_DEVICE_FAMILY = 1;
			};
			name = Debug;
		};
		EFED0E06292C761000A85203 /* Release */ = {
			isa = XCBuildConfiguration;
			buildSettings = {
				ASSETCATALOG_COMPILER_APPICON_NAME = AppIcon;
				ASSETCATALOG_COMPILER_GLOBAL_ACCENT_COLOR_NAME = AccentColor;
				CODE_SIGN_STYLE = Automatic;
				CURRENT_PROJECT_VERSION = 1;
				DEVELOPMENT_TEAM = 789AT898J7;
				GENERATE_INFOPLIST_FILE = YES;
				INFOPLIST_FILE = NASA/App/Info.plist;
				INFOPLIST_KEY_UIApplicationSupportsIndirectInputEvents = YES;
				INFOPLIST_KEY_UILaunchStoryboardName = LaunchScreen;
				INFOPLIST_KEY_UIMainStoryboardFile = Main;
				INFOPLIST_KEY_UISupportedInterfaceOrientations = UIInterfaceOrientationPortrait;
				INFOPLIST_KEY_UISupportedInterfaceOrientations_iPad = "UIInterfaceOrientationLandscapeLeft UIInterfaceOrientationLandscapeRight UIInterfaceOrientationPortrait UIInterfaceOrientationPortraitUpsideDown";
				LD_RUNPATH_SEARCH_PATHS = (
					"$(inherited)",
					"@executable_path/Frameworks",
				);
				MARKETING_VERSION = 1.0;
				PRODUCT_BUNDLE_IDENTIFIER = ru.iosdevelopment.NASA;
				PRODUCT_NAME = "$(TARGET_NAME)";
				SUPPORTED_PLATFORMS = "iphoneos iphonesimulator";
				SUPPORTS_MACCATALYST = NO;
				SUPPORTS_MAC_DESIGNED_FOR_IPHONE_IPAD = NO;
				SWIFT_EMIT_LOC_STRINGS = YES;
				SWIFT_VERSION = 5.0;
				TARGETED_DEVICE_FAMILY = 1;
			};
			name = Release;
		};
/* End XCBuildConfiguration section */

/* Begin XCConfigurationList section */
		EFED0DEB292C760E00A85203 /* Build configuration list for PBXProject "NASA" */ = {
			isa = XCConfigurationList;
			buildConfigurations = (
				EFED0E02292C761000A85203 /* Debug */,
				EFED0E03292C761000A85203 /* Release */,
			);
			defaultConfigurationIsVisible = 0;
			defaultConfigurationName = Release;
		};
		EFED0E04292C761000A85203 /* Build configuration list for PBXNativeTarget "NASA" */ = {
			isa = XCConfigurationList;
			buildConfigurations = (
				EFED0E05292C761000A85203 /* Debug */,
				EFED0E06292C761000A85203 /* Release */,
			);
			defaultConfigurationIsVisible = 0;
			defaultConfigurationName = Release;
		};
/* End XCConfigurationList section */

/* Begin XCRemoteSwiftPackageReference section */
		EFED0E0F292CA71B00A85203 /* XCRemoteSwiftPackageReference "Kingfisher" */ = {
			isa = XCRemoteSwiftPackageReference;
			repositoryURL = "https://github.com/onevcat/Kingfisher.git";
			requirement = {
				kind = upToNextMajorVersion;
				minimumVersion = 7.0.0;
			};
		};
/* End XCRemoteSwiftPackageReference section */

/* Begin XCSwiftPackageProductDependency section */
		EFED0E10292CA71B00A85203 /* Kingfisher */ = {
			isa = XCSwiftPackageProductDependency;
			package = EFED0E0F292CA71B00A85203 /* XCRemoteSwiftPackageReference "Kingfisher" */;
			productName = Kingfisher;
		};
/* End XCSwiftPackageProductDependency section */
	};
	rootObject = EFED0DE8292C760E00A85203 /* Project object */;
}
